
Microsoft Visual Studio Solution File, Format Version 12.00
# Visual Studio 2012
Project("{F184B08F-C81C-45F6-A57F-5ABD9991F28F}") = "attendance", "attendance\attendance.vbproj", "{7B4EBACC-F487-4037-95CD-A3E7423DBD5B}"
EndProject
Global
	GlobalSection(SolutionConfigurationPlatforms) = preSolution
		Debug|Any CPU = Debug|Any CPU
		Release|Any CPU = Release|Any CPU
	EndGlobalSection
	GlobalSection(ProjectConfigurationPlatforms) = postSolution
		{7B4EBACC-F487-4037-95CD-A3E7423DBD5B}.Debug|Any CPU.ActiveCfg = Debug|Any CPU
		{7B4EBACC-F487-4037-95CD-A3E7423DBD5B}.Debug|Any CPU.Build.0 = Debug|Any CPU
		{7B4EBACC-F487-4037-95CD-A3E7423DBD5B}.Release|Any CPU.ActiveCfg = Release|Any CPU
		{7B4EBACC-F487-4037-95CD-A3E7423DBD5B}.Release|Any CPU.Build.0 = Release|Any CPU
	EndGlobalSection
	GlobalSection(SolutionProperties) = preSolution
		HideSolutionNode = FALSE
	EndGlobalSection
EndGlobal
